
Microsoft Visual Studio Solution File, Format Version 11.00
# Visual Studio 2010
Project("{FAE04EC0-301F-11D3-BF4B-00C04F79EFBC}") = "Assembly-CSharp", "Assembly-CSharp.csproj", "{c180bfa6-11d0-0e89-1bae-c1d2ee9208ac}"
EndProject
Project("{FAE04EC0-301F-11D3-BF4B-00C04F79EFBC}") = "Assembly-CSharp-firstpass", "Assembly-CSharp-firstpass.csproj", "{9edd806f-9d6b-9835-aec7-b91127961aaa}"
EndProject
Global
	GlobalSection(SolutionConfigurationPlatforms) = preSolution
		Debug|Any CPU = Debug|Any CPU
	EndGlobalSection
	GlobalSection(ProjectConfigurationPlatforms) = postSolution
		{c180bfa6-11d0-0e89-1bae-c1d2ee9208ac}.Debug|Any CPU.ActiveCfg = Debug|Any CPU
		{c180bfa6-11d0-0e89-1bae-c1d2ee9208ac}.Debug|Any CPU.Build.0 = Debug|Any CPU
		{9edd806f-9d6b-9835-aec7-b91127961aaa}.Debug|Any CPU.ActiveCfg = Debug|Any CPU
		{9edd806f-9d6b-9835-aec7-b91127961aaa}.Debug|Any CPU.Build.0 = Debug|Any CPU
	EndGlobalSection
	GlobalSection(SolutionProperties) = preSolution
		HideSolutionNode = FALSE
	EndGlobalSection
EndGlobal
